// !$*UTF8*$!
{
	archiveVersion = 1;
	classes = {
	};
	objectVersion = 50;
	objects = {

/* Begin PBXBuildFile section */
		426BFF6B24E3425D009C0457 /* AppDelegate.swift in Sources */ = {isa = PBXBuildFile; fileRef = 426BFF6A24E3425D009C0457 /* AppDelegate.swift */; };
		426BFF6D24E3425D009C0457 /* SceneDelegate.swift in Sources */ = {isa = PBXBuildFile; fileRef = 426BFF6C24E3425D009C0457 /* SceneDelegate.swift */; };
		426BFF6F24E3425D009C0457 /* ContentView.swift in Sources */ = {isa = PBXBuildFile; fileRef = 426BFF6E24E3425D009C0457 /* ContentView.swift */; };
		426BFF7124E3425E009C0457 /* Assets.xcassets in Resources */ = {isa = PBXBuildFile; fileRef = 426BFF7024E3425E009C0457 /* Assets.xcassets */; };
		426BFF7424E3425E009C0457 /* Preview Assets.xcassets in Resources */ = {isa = PBXBuildFile; fileRef = 426BFF7324E3425E009C0457 /* Preview Assets.xcassets */; };
		426BFF7724E3425E009C0457 /* LaunchScreen.storyboard in Resources */ = {isa = PBXBuildFile; fileRef = 426BFF7524E3425E009C0457 /* LaunchScreen.storyboard */; };
/* End PBXBuildFile section */

/* Begin PBXFileReference section */
		426BFF6724E3425D009C0457 /* Card_Matching_Game.app */ = {isa = PBXFileReference; explicitFileType = wrapper.application; includeInIndex = 0; path = Card_Matching_Game.app; sourceTree = BUILT_PRODUCTS_DIR; };
		426BFF6A24E3425D009C0457 /* AppDelegate.swift */ = {isa = PBXFileReference; lastKnownFileType = sourcecode.swift; path = AppDelegate.swift; sourceTree = "<group>"; };
		426BFF6C24E3425D009C0457 /* SceneDelegate.swift */ = {isa = PBXFileReference; lastKnownFileType = sourcecode.swift; path = SceneDelegate.swift; sourceTree = "<group>"; };
		426BFF6E24E3425D009C0457 /* ContentView.swift */ = {isa = PBXFileReference; lastKnownFileType = sourcecode.swift; path = ContentView.swift; sourceTree = "<group>"; };
		426BFF7024E3425E009C0457 /* Assets.xcassets */ = {isa = PBXFileReference; lastKnownFileType = folder.assetcatalog; path = Assets.xcassets; sourceTree = "<group>"; };
		426BFF7324E3425E009C0457 /* Preview Assets.xcassets */ = {isa = PBXFileReference; lastKnownFileType = folder.assetcatalog; path = "Preview Assets.xcassets"; sourceTree = "<group>"; };
		426BFF7624E3425E009C0457 /* Base */ = {isa = PBXFileReference; lastKnownFileType = file.storyboard; name = Base; path = Base.lproj/LaunchScreen.storyboard; sourceTree = "<group>"; };
		426BFF7824E3425E009C0457 /* Info.plist */ = {isa = PBXFileReference; lastKnownFileType = text.plist.xml; path = Info.plist; sourceTree = "<group>"; };
/* End PBXFileReference section */

/* Begin PBXFrameworksBuildPhase section */
		426BFF6424E3425D009C0457 /* Frameworks */ = {
			isa = PBXFrameworksBuildPhase;
			buildActionMask = 2147483647;
			files = (
			);
			runOnlyForDeploymentPostprocessing = 0;
		};
/* End PBXFrameworksBuildPhase section */

/* Begin PBXGroup section */
		426BFF5E24E3425D009C0457 = {
			isa = PBXGroup;
			children = (
				426BFF6924E3425D009C0457 /* Card_Matching_Game */,
				426BFF6824E3425D009C0457 /* Products */,
			);
			sourceTree = "<group>";
		};
		426BFF6824E3425D009C0457 /* Products */ = {
			isa = PBXGroup;
			children = (
				426BFF6724E3425D009C0457 /* Card_Matching_Game.app */,
			);
			name = Products;
			sourceTree = "<group>";
		};
		426BFF6924E3425D009C0457 /* Card_Matching_Game */ = {
			isa = PBXGroup;
			children = (
				426BFF6A24E3425D009C0457 /* AppDelegate.swift */,
				426BFF6C24E3425D009C0457 /* SceneDelegate.swift */,
				426BFF6E24E3425D009C0457 /* ContentView.swift */,
				426BFF7024E3425E009C0457 /* Assets.xcassets */,
				426BFF7524E3425E009C0457 /* LaunchScreen.storyboard */,
				426BFF7824E3425E009C0457 /* Info.plist */,
				426BFF7224E3425E009C0457 /* Preview Content */,
			);
			path = Card_Matching_Game;
			sourceTree = "<group>";
		};
		426BFF7224E3425E009C0457 /* Preview Content */ = {
			isa = PBXGroup;
			children = (
				426BFF7324E3425E009C0457 /* Preview Assets.xcassets */,
			);
			path = "Preview Content";
			sourceTree = "<group>";
		};
/* End PBXGroup section */

/* Begin PBXNativeTarget section */
		426BFF6624E3425D009C0457 /* Card_Matching_Game */ = {
			isa = PBXNativeTarget;
			buildConfigurationList = 426BFF7B24E3425E009C0457 /* Build configuration list for PBXNativeTarget "Card_Matching_Game" */;
			buildPhases = (
				426BFF6324E3425D009C0457 /* Sources */,
				426BFF6424E3425D009C0457 /* Frameworks */,
				426BFF6524E3425D009C0457 /* Resources */,
			);
			buildRules = (
			);
			dependencies = (
			);
			name = Card_Matching_Game;
			productName = Card_Matching_Game;
			productReference = 426BFF6724E3425D009C0457 /* Card_Matching_Game.app */;
			productType = "com.apple.product-type.application";
		};
/* End PBXNativeTarget section */

/* Begin PBXProject section */
		426BFF5F24E3425D009C0457 /* Project object */ = {
			isa = PBXProject;
			attributes = {
				LastSwiftUpdateCheck = 1130;
				LastUpgradeCheck = 1130;
				ORGANIZATIONNAME = raza_s;
				TargetAttributes = {
					426BFF6624E3425D009C0457 = {
						CreatedOnToolsVersion = 11.3.1;
					};
				};
			};
			buildConfigurationList = 426BFF6224E3425D009C0457 /* Build configuration list for PBXProject "Card_Matching_Game" */;
			compatibilityVersion = "Xcode 9.3";
			developmentRegion = en;
			hasScannedForEncodings = 0;
			knownRegions = (
				en,
				Base,
			);
			mainGroup = 426BFF5E24E3425D009C0457;
			productRefGroup = 426BFF6824E3425D009C0457 /* Products */;
			projectDirPath = "";
			projectRoot = "";
			targets = (
				426BFF6624E3425D009C0457 /* Card_Matching_Game */,
			);
		};
/* End PBXProject section */

/* Begin PBXResourcesBuildPhase section */
		426BFF6524E3425D009C0457 /* Resources */ = {
			isa = PBXResourcesBuildPhase;
			buildActionMask = 2147483647;
			files = (
				426BFF7724E3425E009C0457 /* LaunchScreen.storyboard in Resources */,
				426BFF7424E3425E009C0457 /* Preview Assets.xcassets in Resources */,
				426BFF7124E3425E009C0457 /* Assets.xcassets in Resources */,
			);
			runOnlyForDeploymentPostprocessing = 0;
		};
/* End PBXResourcesBuildPhase section */

/* Begin PBXSourcesBuildPhase section */
		426BFF6324E3425D009C0457 /* Sources */ = {
			isa = PBXSourcesBuildPhase;
			buildActionMask = 2147483647;
			files = (
				426BFF6B24E3425D009C0457 /* AppDelegate.swift in Sources */,
				426BFF6D24E3425D009C0457 /* SceneDelegate.swift in Sources */,
				426BFF6F24E3425D009C0457 /* ContentView.swift in Sources */,
			);
			runOnlyForDeploymentPostprocessing = 0;
		};
/* End PBXSourcesBuildPhase section */

/* Begin PBXVariantGroup section */
		426BFF7524E3425E009C0457 /* LaunchScreen.storyboard */ = {
			isa = PBXVariantGroup;
			children = (
				426BFF7624E3425E009C0457 /* Base */,
			);
			name = LaunchScreen.storyboard;
			sourceTree = "<group>";
		};
/* End PBXVariantGroup section */

/* Begin XCBuildConfiguration section */
		426BFF7924E3425E009C0457 /* Debug */ = {
			isa = XCBuildConfiguration;
			buildSettings = {
				ALWAYS_SEARCH_USER_PATHS = NO;
				CLANG_ANALYZER_NONNULL = YES;
				CLANG_ANALYZER_NUMBER_OBJECT_CONVERSION = YES_AGGRESSIVE;
				CLANG_CXX_LANGUAGE_STANDARD = "gnu++14";
				CLANG_CXX_LIBRARY = "libc++";
				CLANG_ENABLE_MODULES = YES;
				CLANG_ENABLE_OBJC_ARC = YES;
				CLANG_ENABLE_OBJC_WEAK = YES;
				CLANG_WARN_BLOCK_CAPTURE_AUTORELEASING = YES;
				CLANG_WARN_BOOL_CONVERSION = YES;
				CLANG_WARN_COMMA = YES;
				CLANG_WARN_CONSTANT_CONVERSION = YES;
				CLANG_WARN_DEPRECATED_OBJC_IMPLEMENTATIONS = YES;
				CLANG_WARN_DIRECT_OBJC_ISA_USAGE = YES_ERROR;
				CLANG_WARN_DOCUMENTATION_COMMENTS = YES;
				CLANG_WARN_EMPTY_BODY = YES;
				CLANG_WARN_ENUM_CONVERSION = YES;
				CLANG_WARN_INFINITE_RECURSION = YES;
				CLANG_WARN_INT_CONVERSION = YES;
				CLANG_WARN_NON_LITERAL_NULL_CONVERSION = YES;
				CLANG_WARN_OBJC_IMPLICIT_RETAIN_SELF = YES;
				CLANG_WARN_OBJC_LITERAL_CONVERSION = YES;
				CLANG_WARN_OBJC_ROOT_CLASS = YES_ERROR;
				CLANG_WARN_RANGE_LOOP_ANALYSIS = YES;
				CLANG_WARN_STRICT_PROTOTYPES = YES;
				CLANG_WARN_SUSPICIOUS_MOVE = YES;
				CLANG_WARN_UNGUARDED_AVAILABILITY = YES_AGGRESSIVE;
				CLANG_WARN_UNREACHABLE_CODE = YES;
				CLANG_WARN__DUPLICATE_METHOD_MATCH = YES;
				COPY_PHASE_STRIP = NO;
				DEBUG_INFORMATION_FORMAT = dwarf;
				ENABLE_STRICT_OBJC_MSGSEND = YES;
				ENABLE_TESTABILITY = YES;
				GCC_C_LANGUAGE_STANDARD = gnu11;
				GCC_DYNAMIC_NO_PIC = NO;
				GCC_NO_COMMON_BLOCKS = YES;
				GCC_OPTIMIZATION_LEVEL = 0;
				GCC_PREPROCESSOR_DEFINITIONS = (
					"DEBUG=1",
					"$(inherited)",
				);
				GCC_WARN_64_TO_32_BIT_CONVERSION = YES;
				GCC_WARN_ABOUT_RETURN_TYPE = YES_ERROR;
				GCC_WARN_UNDECLARED_SELECTOR = YES;
				GCC_WARN_UNINITIALIZED_AUTOS = YES_AGGRESSIVE;
				GCC_WARN_UNUSED_FUNCTION = YES;
				GCC_WARN_UNUSED_VARIABLE = YES;
				IPHONEOS_DEPLOYMENT_TARGET = 13.2;
				MTL_ENABLE_DEBUG_INFO = INCLUDE_SOURCE;
				MTL_FAST_MATH = YES;
				ONLY_ACTIVE_ARCH = YES;
				SDKROOT = iphoneos;
				SWIFT_ACTIVE_COMPILATION_CONDITIONS = DEBUG;
				SWIFT_OPTIMIZATION_LEVEL = "-Onone";
			};
			name = Debug;
		};
		426BFF7A24E3425E009C0457 /* Release */ = {
			isa = XCBuildConfiguration;
			buildSettings = {
				ALWAYS_SEARCH_USER_PATHS = NO;
				CLANG_ANALYZER_NONNULL = YES;
				CLANG_ANALYZER_NUMBER_OBJECT_CONVERSION = YES_AGGRESSIVE;
				CLANG_CXX_LANGUAGE_STANDARD = "gnu++14";
				CLANG_CXX_LIBRARY = "libc++";
				CLANG_ENABLE_MODULES = YES;
				CLANG_ENABLE_OBJC_ARC = YES;
				CLANG_ENABLE_OBJC_WEAK = YES;
				CLANG_WARN_BLOCK_CAPTURE_AUTORELEASING = YES;
				CLANG_WARN_BOOL_CONVERSION = YES;
				CLANG_WARN_COMMA = YES;
				CLANG_WARN_CONSTANT_CONVERSION = YES;
				CLANG_WARN_DEPRECATED_OBJC_IMPLEMENTATIONS = YES;
				CLANG_WARN_DIRECT_OBJC_ISA_USAGE = YES_ERROR;
				CLANG_WARN_DOCUMENTATION_COMMENTS = YES;
				CLANG_WARN_EMPTY_BODY = YES;
				CLANG_WARN_ENUM_CONVERSION = YES;
				CLANG_WARN_INFINITE_RECURSION = YES;
				CLANG_WARN_INT_CONVERSION = YES;
				CLANG_WARN_NON_LITERAL_NULL_CONVERSION = YES;
				CLANG_WARN_OBJC_IMPLICIT_RETAIN_SELF = YES;
				CLANG_WARN_OBJC_LITERAL_CONVERSION = YES;
				CLANG_WARN_OBJC_ROOT_CLASS = YES_ERROR;
				CLANG_WARN_RANGE_LOOP_ANALYSIS = YES;
				CLANG_WARN_STRICT_PROTOTYPES = YES;
				CLANG_WARN_SUSPICIOUS_MOVE = YES;
				CLANG_WARN_UNGUARDED_AVAILABILITY = YES_AGGRESSIVE;
				CLANG_WARN_UNREACHABLE_CODE = YES;
				CLANG_WARN__DUPLICATE_METHOD_MATCH = YES;
				COPY_PHASE_STRIP = NO;
				DEBUG_INFORMATION_FORMAT = "dwarf-with-dsym";
				ENABLE_NS_ASSERTIONS = NO;
				ENABLE_STRICT_OBJC_MSGSEND = YES;
				GCC_C_LANGUAGE_STANDARD = gnu11;
				GCC_NO_COMMON_BLOCKS = YES;
				GCC_WARN_64_TO_32_BIT_CONVERSION = YES;
				GCC_WARN_ABOUT_RETURN_TYPE = YES_ERROR;
				GCC_WARN_UNDECLARED_SELECTOR = YES;
				GCC_WARN_UNINITIALIZED_AUTOS = YES_AGGRESSIVE;
				GCC_WARN_UNUSED_FUNCTION = YES;
				GCC_WARN_UNUSED_VARIABLE = YES;
				IPHONEOS_DEPLOYMENT_TARGET = 13.2;
				MTL_ENABLE_DEBUG_INFO = NO;
				MTL_FAST_MATH = YES;
				SDKROOT = iphoneos;
				SWIFT_COMPILATION_MODE = wholemodule;
				SWIFT_OPTIMIZATION_LEVEL = "-O";
				VALIDATE_PRODUCT = YES;
			};
			name = Release;
		};
		426BFF7C24E3425E009C0457 /* Debug */ = {
			isa = XCBuildConfiguration;
			buildSettings = {
				ASSETCATALOG_COMPILER_APPICON_NAME = AppIcon;
				CODE_SIGN_STYLE = Automatic;
				DEVELOPMENT_ASSET_PATHS = "\"Card_Matching_Game/Preview Content\"";
				DEVELOPMENT_TEAM = 823FC3448S;
				ENABLE_PREVIEWS = YES;
				INFOPLIST_FILE = Card_Matching_Game/Info.plist;
				LD_RUNPATH_SEARCH_PATHS = (
					"$(inherited)",
					"@executable_path/Frameworks",
				);
				PRODUCT_BUNDLE_IDENTIFIER = "rts.Card-Matching-Game";
				PRODUCT_NAME = "$(TARGET_NAME)";
				SWIFT_VERSION = 5.0;
				TARGETED_DEVICE_FAMILY = "1,2";
			};
			name = Debug;
		};
		426BFF7D24E3425E009C0457 /* Release */ = {
			isa = XCBuildConfiguration;
			buildSettings = {
				ASSETCATALOG_COMPILER_APPICON_NAME = AppIcon;
				CODE_SIGN_STYLE = Automatic;
				DEVELOPMENT_ASSET_PATHS = "\"Card_Matching_Game/Preview Content\"";
				DEVELOPMENT_TEAM = 823FC3448S;
				ENABLE_PREVIEWS = YES;
				INFOPLIST_FILE = Card_Matching_Game/Info.plist;
				LD_RUNPATH_SEARCH_PATHS = (
					"$(inherited)",
					"@executable_path/Frameworks",
				);
				PRODUCT_BUNDLE_IDENTIFIER = "rts.Card-Matching-Game";
				PRODUCT_NAME = "$(TARGET_NAME)";
				SWIFT_VERSION = 5.0;
				TARGETED_DEVICE_FAMILY = "1,2";
			};
			name = Release;
		};
/* End XCBuildConfiguration section */

/* Begin XCConfigurationList section */
		426BFF6224E3425D009C0457 /* Build configuration list for PBXProject "Card_Matching_Game" */ = {
			isa = XCConfigurationList;
			buildConfigurations = (
				426BFF7924E3425E009C0457 /* Debug */,
				426BFF7A24E3425E009C0457 /* Release */,
			);
			defaultConfigurationIsVisible = 0;
			defaultConfigurationName = Release;
		};
		426BFF7B24E3425E009C0457 /* Build configuration list for PBXNativeTarget "Card_Matching_Game" */ = {
			isa = XCConfigurationList;
			buildConfigurations = (
				426BFF7C24E3425E009C0457 /* Debug */,
				426BFF7D24E3425E009C0457 /* Release */,
			);
			defaultConfigurationIsVisible = 0;
			defaultConfigurationName = Release;
		};
/* End XCConfigurationList section */
	};
	rootObject = 426BFF5F24E3425D009C0457 /* Project object */;
}
